uuid: 4f2ead14-aa33-4138-b7d6-74bbd4f6e134
langcode: en
status: true
dependencies:
  config:
    - field.storage.paragraph.field_para_view_block
    - paragraphs.paragraphs_type.hero
  module:
    - viewsreference
id: paragraph.hero.field_para_view_block
field_name: field_para_view_block
entity_type: paragraph
bundle: hero
label: 'View Block'
description: ''
required: false
translatable: false
default_value: {  }
default_value_callback: ''
settings:
  handler: 'default:view'
  handler_settings:
    target_bundles: null
    auto_create: 0
  plugin_types:
    block: block
    default: 0
    page: 0
    entity_browser: 0
    feed: 0
  preselect_views:
    comments_recent: 0
    content: 0
    content_recent: 0
    files: 0
    files_entity_browser: 0
    frontpage: 0
    nodes_entity_browser: 0
    race_schedule: 0
    redirect: 0
    redirect_404: 0
    sponsors: 0
    taxonomy_term: 0
    user_admin_people: 0
    who_s_new: 0
    who_s_online: 0
field_type: viewsreference
